
Microsoft Visual Studio Solution File, Format Version 12.00
# Visual Studio Version 17
VisualStudioVersion = 17.11.35222.181
MinimumVisualStudioVersion = 10.0.40219.1
Project("{8BC9CEB8-8B4A-11D0-8D11-00A0C91BC942}") = "Project12（空洞武士）", "Project12（空洞武士）.vcxproj", "{64672834-C546-49E0-93F5-2873551BD0BF}"
EndProject
Project("{54435603-DBB4-11D2-8724-00A0C9A8B90C}") = "空洞武士", "..\..\setup项目打包\空洞武士\空洞武士.vdproj", "{DBFC54D3-C85E-4D3C-B199-FEA0355CAFE8}"
EndProject
Global
	GlobalSection(SolutionConfigurationPlatforms) = preSolution
		Debug|x64 = Debug|x64
		Debug|x86 = Debug|x86
		Release|x64 = Release|x64
		Release|x86 = Release|x86
	EndGlobalSection
	GlobalSection(ProjectConfigurationPlatforms) = postSolution
		{64672834-C546-49E0-93F5-2873551BD0BF}.Debug|x64.ActiveCfg = Debug|x64
		{64672834-C546-49E0-93F5-2873551BD0BF}.Debug|x64.Build.0 = Debug|x64
		{64672834-C546-49E0-93F5-2873551BD0BF}.Debug|x86.ActiveCfg = Debug|Win32
		{64672834-C546-49E0-93F5-2873551BD0BF}.Debug|x86.Build.0 = Debug|Win32
		{64672834-C546-49E0-93F5-2873551BD0BF}.Release|x64.ActiveCfg = Release|x64
		{64672834-C546-49E0-93F5-2873551BD0BF}.Release|x64.Build.0 = Release|x64
		{64672834-C546-49E0-93F5-2873551BD0BF}.Release|x86.ActiveCfg = Release|Win32
		{64672834-C546-49E0-93F5-2873551BD0BF}.Release|x86.Build.0 = Release|Win32
		{DBFC54D3-C85E-4D3C-B199-FEA0355CAFE8}.Debug|x64.ActiveCfg = Debug
		{DBFC54D3-C85E-4D3C-B199-FEA0355CAFE8}.Debug|x86.ActiveCfg = Debug
		{DBFC54D3-C85E-4D3C-B199-FEA0355CAFE8}.Release|x64.ActiveCfg = Release
		{DBFC54D3-C85E-4D3C-B199-FEA0355CAFE8}.Release|x86.ActiveCfg = Release
	EndGlobalSection
	GlobalSection(SolutionProperties) = preSolution
		HideSolutionNode = FALSE
	EndGlobalSection
	GlobalSection(ExtensibilityGlobals) = postSolution
		SolutionGuid = {F78843C8-D6ED-4351-902D-D4F071477660}
	EndGlobalSection
EndGlobal
